<?xml version="1.0" encoding="utf-8"?>
<Project ToolsVersion="15.0" xmlns="http://schemas.microsoft.com/developer/msbuild/2003">
  <ItemGroup>
    <ClCompile Include="D:\dir_git\StartUseDll\src\Dll1\Dll1.cpp">
      <Filter>Source Files</Filter>
    </ClCompile>
  </ItemGroup>
  <ItemGroup>
    <ClInclude Include="D:\dir_git\StartUseDll\src\Dll1\Dll1.h">
      <Filter>Header Files</Filter>
    </ClInclude>
  </ItemGroup>
  <ItemGroup>
    <CustomBuild Include="D:\dir_git\StartUseDll\src\Dll1\CMakeLists.txt" />
  </ItemGroup>
  <ItemGroup>
    <Filter Include="Header Files">
      <UniqueIdentifier>{EDB59EF5-E1E4-3633-863C-DE2C56F26D4A}</UniqueIdentifier>
    </Filter>
    <Filter Include="Source Files">
      <UniqueIdentifier>{08DB9C2A-631A-3F52-B1FC-9E7C0BE031B3}</UniqueIdentifier>
    </Filter>
  </ItemGroup>
</Project>
