Microsoft Visual Studio Solution File, Format Version 12.00
# Visual Studio 15
Project("{8BC9CEB8-8B4A-11D0-8D11-00A0C91BC942}") = "ALL_BUILD", "ALL_BUILD.vcxproj", "{4B2898E2-C355-30AE-AFE8-227436E657F5}"
	ProjectSection(ProjectDependencies) = postProject
		{AE06786D-3CD4-3B4A-9B03-82E85A5D5809} = {AE06786D-3CD4-3B4A-9B03-82E85A5D5809}
		{7C1637B1-8266-31A7-A482-DD3B19F7818F} = {7C1637B1-8266-31A7-A482-DD3B19F7818F}
		{0B175B53-2D7A-351F-A720-9ED9AA6FBFBA} = {0B175B53-2D7A-351F-A720-9ED9AA6FBFBA}
	EndProjectSection
EndProject
Project("{8BC9CEB8-8B4A-11D0-8D11-00A0C91BC942}") = "MathMultiply", "Dll1\MathMultiply.vcxproj", "{AE06786D-3CD4-3B4A-9B03-82E85A5D5809}"
	ProjectSection(ProjectDependencies) = postProject
		{0B175B53-2D7A-351F-A720-9ED9AA6FBFBA} = {0B175B53-2D7A-351F-A720-9ED9AA6FBFBA}
	EndProjectSection
EndProject
Project("{8BC9CEB8-8B4A-11D0-8D11-00A0C91BC942}") = "StartUseDll", "StartUseDll\StartUseDll.vcxproj", "{7C1637B1-8266-31A7-A482-DD3B19F7818F}"
	ProjectSection(ProjectDependencies) = postProject
		{AE06786D-3CD4-3B4A-9B03-82E85A5D5809} = {AE06786D-3CD4-3B4A-9B03-82E85A5D5809}
		{0B175B53-2D7A-351F-A720-9ED9AA6FBFBA} = {0B175B53-2D7A-351F-A720-9ED9AA6FBFBA}
	EndProjectSection
EndProject
Project("{8BC9CEB8-8B4A-11D0-8D11-00A0C91BC942}") = "ZERO_CHECK", "ZERO_CHECK.vcxproj", "{0B175B53-2D7A-351F-A720-9ED9AA6FBFBA}"
	ProjectSection(ProjectDependencies) = postProject
	EndProjectSection
EndProject
Global
	GlobalSection(SolutionConfigurationPlatforms) = preSolution
		Debug|x64 = Debug|x64
		Release|x64 = Release|x64
		MinSizeRel|x64 = MinSizeRel|x64
		RelWithDebInfo|x64 = RelWithDebInfo|x64
	EndGlobalSection
	GlobalSection(ProjectConfigurationPlatforms) = postSolution
		{4B2898E2-C355-30AE-AFE8-227436E657F5}.Debug|x64.ActiveCfg = Debug|x64
		{4B2898E2-C355-30AE-AFE8-227436E657F5}.Release|x64.ActiveCfg = Release|x64
		{4B2898E2-C355-30AE-AFE8-227436E657F5}.MinSizeRel|x64.ActiveCfg = MinSizeRel|x64
		{4B2898E2-C355-30AE-AFE8-227436E657F5}.RelWithDebInfo|x64.ActiveCfg = RelWithDebInfo|x64
		{AE06786D-3CD4-3B4A-9B03-82E85A5D5809}.Debug|x64.ActiveCfg = Debug|x64
		{AE06786D-3CD4-3B4A-9B03-82E85A5D5809}.Debug|x64.Build.0 = Debug|x64
		{AE06786D-3CD4-3B4A-9B03-82E85A5D5809}.Release|x64.ActiveCfg = Release|x64
		{AE06786D-3CD4-3B4A-9B03-82E85A5D5809}.Release|x64.Build.0 = Release|x64
		{AE06786D-3CD4-3B4A-9B03-82E85A5D5809}.MinSizeRel|x64.ActiveCfg = MinSizeRel|x64
		{AE06786D-3CD4-3B4A-9B03-82E85A5D5809}.MinSizeRel|x64.Build.0 = MinSizeRel|x64
		{AE06786D-3CD4-3B4A-9B03-82E85A5D5809}.RelWithDebInfo|x64.ActiveCfg = RelWithDebInfo|x64
		{AE06786D-3CD4-3B4A-9B03-82E85A5D5809}.RelWithDebInfo|x64.Build.0 = RelWithDebInfo|x64
		{7C1637B1-8266-31A7-A482-DD3B19F7818F}.Debug|x64.ActiveCfg = Debug|x64
		{7C1637B1-8266-31A7-A482-DD3B19F7818F}.Debug|x64.Build.0 = Debug|x64
		{7C1637B1-8266-31A7-A482-DD3B19F7818F}.Release|x64.ActiveCfg = Release|x64
		{7C1637B1-8266-31A7-A482-DD3B19F7818F}.Release|x64.Build.0 = Release|x64
		{7C1637B1-8266-31A7-A482-DD3B19F7818F}.MinSizeRel|x64.ActiveCfg = MinSizeRel|x64
		{7C1637B1-8266-31A7-A482-DD3B19F7818F}.MinSizeRel|x64.Build.0 = MinSizeRel|x64
		{7C1637B1-8266-31A7-A482-DD3B19F7818F}.RelWithDebInfo|x64.ActiveCfg = RelWithDebInfo|x64
		{7C1637B1-8266-31A7-A482-DD3B19F7818F}.RelWithDebInfo|x64.Build.0 = RelWithDebInfo|x64
		{0B175B53-2D7A-351F-A720-9ED9AA6FBFBA}.Debug|x64.ActiveCfg = Debug|x64
		{0B175B53-2D7A-351F-A720-9ED9AA6FBFBA}.Debug|x64.Build.0 = Debug|x64
		{0B175B53-2D7A-351F-A720-9ED9AA6FBFBA}.Release|x64.ActiveCfg = Release|x64
		{0B175B53-2D7A-351F-A720-9ED9AA6FBFBA}.Release|x64.Build.0 = Release|x64
		{0B175B53-2D7A-351F-A720-9ED9AA6FBFBA}.MinSizeRel|x64.ActiveCfg = MinSizeRel|x64
		{0B175B53-2D7A-351F-A720-9ED9AA6FBFBA}.MinSizeRel|x64.Build.0 = MinSizeRel|x64
		{0B175B53-2D7A-351F-A720-9ED9AA6FBFBA}.RelWithDebInfo|x64.ActiveCfg = RelWithDebInfo|x64
		{0B175B53-2D7A-351F-A720-9ED9AA6FBFBA}.RelWithDebInfo|x64.Build.0 = RelWithDebInfo|x64
	EndGlobalSection
	GlobalSection(ExtensibilityGlobals) = postSolution
		SolutionGuid = {73A019CC-7B5F-3410-A237-64243664A3D8}
	EndGlobalSection
	GlobalSection(ExtensibilityAddIns) = postSolution
	EndGlobalSection
EndGlobal
