<?xml version="1.0" encoding="utf-8"?>
<Project ToolsVersion="15.0" xmlns="http://schemas.microsoft.com/developer/msbuild/2003">
  <ItemGroup>
    <CustomBuild Include="D:\dir_git\StartUseDll\install\CMakeFiles\6940ec8341c7746d0bb50135d303646f\generate.stamp.rule">
      <Filter>CMake Rules</Filter>
    </CustomBuild>
  </ItemGroup>
  <ItemGroup>
    <Filter Include="CMake Rules">
      <UniqueIdentifier>{CB360DFE-D5B4-3E89-8FBA-744C41241A5F}</UniqueIdentifier>
    </Filter>
  </ItemGroup>
</Project>
