<?xml version="1.0" encoding="utf-8"?>
<Project ToolsVersion="15.0" xmlns="http://schemas.microsoft.com/developer/msbuild/2003">
  <ItemGroup>
    <ClCompile Include="D:\dir_git\StartUseDll\src\StartUseDll\main.cpp">
      <Filter>Source Files</Filter>
    </ClCompile>
  </ItemGroup>
  <ItemGroup>
    <CustomBuild Include="D:\dir_git\StartUseDll\src\StartUseDll\CMakeLists.txt" />
  </ItemGroup>
  <ItemGroup>
    <Filter Include="Source Files">
      <UniqueIdentifier>{08DB9C2A-631A-3F52-B1FC-9E7C0BE031B3}</UniqueIdentifier>
    </Filter>
  </ItemGroup>
</Project>
